
Microsoft Visual Studio Solution File, Format Version 12.00
# Visual Studio Version 17
VisualStudioVersion = 17.9.34714.143
MinimumVisualStudioVersion = 10.0.40219.1
Project("{FAE04EC0-301F-11D3-BF4B-00C04F79EFBC}") = "MonthlyClaimApp", "MonthlyClaimApp.csproj", "{23234C2D-66A1-4616-86F4-09B1E6D81991}"
EndProject
Global
	GlobalSection(SolutionConfigurationPlatforms) = preSolution
		Debug|Any CPU = Debug|Any CPU
		Release|Any CPU = Release|Any CPU
	EndGlobalSection
	GlobalSection(ProjectConfigurationPlatforms) = postSolution
		{23234C2D-66A1-4616-86F4-09B1E6D81991}.Debug|Any CPU.ActiveCfg = Debug|Any CPU
		{23234C2D-66A1-4616-86F4-09B1E6D81991}.Debug|Any CPU.Build.0 = Debug|Any CPU
		{23234C2D-66A1-4616-86F4-09B1E6D81991}.Release|Any CPU.ActiveCfg = Release|Any CPU
		{23234C2D-66A1-4616-86F4-09B1E6D81991}.Release|Any CPU.Build.0 = Release|Any CPU
	EndGlobalSection
	GlobalSection(SolutionProperties) = preSolution
		HideSolutionNode = FALSE
	EndGlobalSection
	GlobalSection(ExtensibilityGlobals) = postSolution
		SolutionGuid = {2EFAC7BD-99C8-4E4A-B3FD-DB849C1343E1}
	EndGlobalSection
EndGlobal
